{
  "name": "testbed_finity",
  "lockfileVersion": 2,
  "requires": true,
  "packages": {
    "": {
      "dependencies": {
        "finity": "^0.5.4"
      }
    },
    "node_modules/finity": {
      "version": "0.5.4",
      "resolved": "https://registry.npmjs.org/finity/-/finity-0.5.4.tgz",
      "integrity": "sha512-3l+5/1tuw616Lgb0QBimxfdd2TqaDGpfCBpfX6EqtFmqUV3FtQnVEX4Aa62DagYEqnsTIjZcTfbq9msDbXYgyA=="
    }
  },
  "dependencies": {
    "finity": {
      "version": "0.5.4",
      "resolved": "https://registry.npmjs.org/finity/-/finity-0.5.4.tgz",
      "integrity": "sha512-3l+5/1tuw616Lgb0QBimxfdd2TqaDGpfCBpfX6EqtFmqUV3FtQnVEX4Aa62DagYEqnsTIjZcTfbq9msDbXYgyA=="
    }
  }
}
